{
  "nodes": {
    "flake-utils": {
      "locked": {
        "lastModified": 1659877975,
        "narHash": "sha256-zllb8aq3YO3h8B/U0/J1WBgAL8EX5yWf5pMj3G0NAmc=",
        "owner": "numtide",
        "repo": "flake-utils",
        "rev": "c0e246b9b83f637f4681389ecabcb2681b4f3af0",
        "type": "github"
      },
      "original": {
        "owner": "numtide",
        "repo": "flake-utils",
        "type": "github"
      }
    },
    "nix-npm-buildpackage": {
      "inputs": {
        "nixpkgs": "nixpkgs"
      },
      "locked": {
        "lastModified": 1654787802,
        "narHash": "sha256-53wPtqRsiaR8e3njRHZbO4lPX1W9hHdTarHEx6gE/s0=",
        "owner": "serokell",
        "repo": "nix-npm-buildpackage",
        "rev": "ec9a825ad4a6f1fb2d6bb8371be827c9c8bf5b80",
        "type": "github"
      },
      "original": {
        "owner": "serokell",
        "repo": "nix-npm-buildpackage",
        "type": "github"
      }
    },
    "nixpkgs": {
      "locked": {
        "lastModified": 1653917367,
        "narHash": "sha256-04MsJC0g9kE01nBuXThMppZK+yvCZECQnUaZKSU+HJo=",
        "owner": "NixOS",
        "repo": "nixpkgs",
        "rev": "437c8e6554911095f0557d524e9d2ffe1c26e33a",
        "type": "github"
      },
      "original": {
        "id": "nixpkgs",
        "type": "indirect"
      }
    },
    "nixpkgs_2": {
      "locked": {
        "lastModified": 1660316542,
        "narHash": "sha256-wkFzAa5tEzp14OldtpqBHeMTNLGEJemMBfUWaXjJVOE=",
        "owner": "nixos",
        "repo": "nixpkgs",
        "rev": "ff8e8d4b4f7c934e16546beefce9e547b6b65d5c",
        "type": "github"
      },
      "original": {
        "owner": "nixos",
        "repo": "nixpkgs",
        "type": "github"
      }
    },
    "root": {
      "inputs": {
        "flake-utils": "flake-utils",
        "nix-npm-buildpackage": "nix-npm-buildpackage",
        "nixpkgs": "nixpkgs_2"
      }
    }
  },
  "root": "root",
  "version": 7
}
